
Microsoft Visual Studio Solution File, Format Version 12.00
# Visual Studio Version 16
VisualStudioVersion = 16.0.30413.136
MinimumVisualStudioVersion = 10.0.40219.1
Project("{FAE04EC0-301F-11D3-BF4B-00C04F79EFBC}") = "PRG2 Assignment", "PRG2 Assignment\PRG2 Assignment.csproj", "{B9679A4B-63A6-4273-AAE6-2A9BFF59C44F}"
EndProject
Global
	GlobalSection(SolutionConfigurationPlatforms) = preSolution
		Debug|Any CPU = Debug|Any CPU
		Release|Any CPU = Release|Any CPU
	EndGlobalSection
	GlobalSection(ProjectConfigurationPlatforms) = postSolution
		{B9679A4B-63A6-4273-AAE6-2A9BFF59C44F}.Debug|Any CPU.ActiveCfg = Debug|Any CPU
		{B9679A4B-63A6-4273-AAE6-2A9BFF59C44F}.Debug|Any CPU.Build.0 = Debug|Any CPU
		{B9679A4B-63A6-4273-AAE6-2A9BFF59C44F}.Release|Any CPU.ActiveCfg = Release|Any CPU
		{B9679A4B-63A6-4273-AAE6-2A9BFF59C44F}.Release|Any CPU.Build.0 = Release|Any CPU
	EndGlobalSection
	GlobalSection(SolutionProperties) = preSolution
		HideSolutionNode = FALSE
	EndGlobalSection
	GlobalSection(ExtensibilityGlobals) = postSolution
		SolutionGuid = {645AA1B2-03E6-4712-AD5C-97EAE6E12579}
	EndGlobalSection
EndGlobal
